// !$*UTF8*$!
{
	archiveVersion = 1;
	classes = {
	};
	objectVersion = 48;
	objects = {

/* Begin PBXBuildFile section */
		9649522C219069C5001CAB79 /* PostDataModel.swift in Sources */ = {isa = PBXBuildFile; fileRef = 9649522B219069C5001CAB79 /* PostDataModel.swift */; };
		968804B620DE31EF00135695 /* Logger.swift in Sources */ = {isa = PBXBuildFile; fileRef = 968804B520DE31EF00135695 /* Logger.swift */; };
		968804B820DE353B00135695 /* PostsTableViewController.swift in Sources */ = {isa = PBXBuildFile; fileRef = 968804B720DE353B00135695 /* PostsTableViewController.swift */; };
		96926CFA21B9451F0092EDF0 /* PopoverViewController.swift in Sources */ = {isa = PBXBuildFile; fileRef = 96926CF921B9451F0092EDF0 /* PopoverViewController.swift */; };
		96BF7C672194721B001F4C25 /* ImageFetcherMetrics.swift in Sources */ = {isa = PBXBuildFile; fileRef = 96BF7C5F2194721A001F4C25 /* ImageFetcherMetrics.swift */; };
		96BF7C682194721B001F4C25 /* ImageFetcherDownloadOperation.swift in Sources */ = {isa = PBXBuildFile; fileRef = 96BF7C602194721A001F4C25 /* ImageFetcherDownloadOperation.swift */; };
		96BF7C692194721B001F4C25 /* ImageFetcherRequest.swift in Sources */ = {isa = PBXBuildFile; fileRef = 96BF7C612194721A001F4C25 /* ImageFetcherRequest.swift */; };
		96BF7C6A2194721B001F4C25 /* UIImageView+ImageFetcherController.swift in Sources */ = {isa = PBXBuildFile; fileRef = 96BF7C622194721A001F4C25 /* UIImageView+ImageFetcherController.swift */; };
		96BF7C6B2194721B001F4C25 /* ImageFetcherResizing.swift in Sources */ = {isa = PBXBuildFile; fileRef = 96BF7C632194721A001F4C25 /* ImageFetcherResizing.swift */; };
		96BF7C6C2194721B001F4C25 /* ImageFetcherController.swift in Sources */ = {isa = PBXBuildFile; fileRef = 96BF7C642194721A001F4C25 /* ImageFetcherController.swift */; };
		96BF7C6D2194721B001F4C25 /* ImageFetcherBaseOperation.swift in Sources */ = {isa = PBXBuildFile; fileRef = 96BF7C652194721B001F4C25 /* ImageFetcherBaseOperation.swift */; };
		96BF7C6E2194721B001F4C25 /* ImageFetcherRenderOperation.swift in Sources */ = {isa = PBXBuildFile; fileRef = 96BF7C662194721B001F4C25 /* ImageFetcherRenderOperation.swift */; };
		FC2DF8BF20000B8B0078CE30 /* Assets.xcassets in Resources */ = {isa = PBXBuildFile; fileRef = FC2DF8BE20000B8B0078CE30 /* Assets.xcassets */; };
		FC2DF8C220000B8B0078CE30 /* LaunchScreen.storyboard in Resources */ = {isa = PBXBuildFile; fileRef = FC2DF8C020000B8B0078CE30 /* LaunchScreen.storyboard */; };
		FC2DF8DA20000C020078CE30 /* AppDelegate.swift in Sources */ = {isa = PBXBuildFile; fileRef = FC2DF8C920000BF90078CE30 /* AppDelegate.swift */; };
		FC2DF8DD20000C020078CE30 /* Arbitrary.swift in Sources */ = {isa = PBXBuildFile; fileRef = FC2DF8D920000C020078CE30 /* Arbitrary.swift */; };
		FC2DF8E020000C4A0078CE30 /* StringMeasuring.swift in Sources */ = {isa = PBXBuildFile; fileRef = FC2DF8CC20000BFC0078CE30 /* StringMeasuring.swift */; };
		FC2DF8EB20000D370078CE30 /* Images.xcassets in Resources */ = {isa = PBXBuildFile; fileRef = FC2DF8D720000BFE0078CE30 /* Images.xcassets */; };
		FC80BB592050B39E009B1D30 /* PostViewWithAutoLayout.swift in Sources */ = {isa = PBXBuildFile; fileRef = FC80BB582050B39E009B1D30 /* PostViewWithAutoLayout.swift */; };
		FC9D8CAA21BABAFA00ECE123 /* PostLayoutModel.swift in Sources */ = {isa = PBXBuildFile; fileRef = FC9D8CA921BABAFA00ECE123 /* PostLayoutModel.swift */; };
		FC9D8CAC21BABB3A00ECE123 /* PostViewModel.swift in Sources */ = {isa = PBXBuildFile; fileRef = FC9D8CAB21BABB3A00ECE123 /* PostViewModel.swift */; };
		FC9D8CB021BABDA800ECE123 /* PostViewWithLayoutModel.swift in Sources */ = {isa = PBXBuildFile; fileRef = FC9D8CAF21BABDA800ECE123 /* PostViewWithLayoutModel.swift */; };
/* End PBXBuildFile section */

/* Begin PBXFileReference section */
		9649522B219069C5001CAB79 /* PostDataModel.swift */ = {isa = PBXFileReference; lastKnownFileType = sourcecode.swift; path = PostDataModel.swift; sourceTree = "<group>"; };
		968804B520DE31EF00135695 /* Logger.swift */ = {isa = PBXFileReference; fileEncoding = 4; lastKnownFileType = sourcecode.swift; path = Logger.swift; sourceTree = "<group>"; };
		968804B720DE353B00135695 /* PostsTableViewController.swift */ = {isa = PBXFileReference; lastKnownFileType = sourcecode.swift; path = PostsTableViewController.swift; sourceTree = "<group>"; };
		96926CF921B9451F0092EDF0 /* PopoverViewController.swift */ = {isa = PBXFileReference; lastKnownFileType = sourcecode.swift; path = PopoverViewController.swift; sourceTree = "<group>"; };
		96BF7C5F2194721A001F4C25 /* ImageFetcherMetrics.swift */ = {isa = PBXFileReference; fileEncoding = 4; lastKnownFileType = sourcecode.swift; path = ImageFetcherMetrics.swift; sourceTree = "<group>"; };
		96BF7C602194721A001F4C25 /* ImageFetcherDownloadOperation.swift */ = {isa = PBXFileReference; fileEncoding = 4; lastKnownFileType = sourcecode.swift; path = ImageFetcherDownloadOperation.swift; sourceTree = "<group>"; };
		96BF7C612194721A001F4C25 /* ImageFetcherRequest.swift */ = {isa = PBXFileReference; fileEncoding = 4; lastKnownFileType = sourcecode.swift; path = ImageFetcherRequest.swift; sourceTree = "<group>"; };
		96BF7C622194721A001F4C25 /* UIImageView+ImageFetcherController.swift */ = {isa = PBXFileReference; fileEncoding = 4; lastKnownFileType = sourcecode.swift; path = "UIImageView+ImageFetcherController.swift"; sourceTree = "<group>"; };
		96BF7C632194721A001F4C25 /* ImageFetcherResizing.swift */ = {isa = PBXFileReference; fileEncoding = 4; lastKnownFileType = sourcecode.swift; path = ImageFetcherResizing.swift; sourceTree = "<group>"; };
		96BF7C642194721A001F4C25 /* ImageFetcherController.swift */ = {isa = PBXFileReference; fileEncoding = 4; lastKnownFileType = sourcecode.swift; path = ImageFetcherController.swift; sourceTree = "<group>"; };
		96BF7C652194721B001F4C25 /* ImageFetcherBaseOperation.swift */ = {isa = PBXFileReference; fileEncoding = 4; lastKnownFileType = sourcecode.swift; path = ImageFetcherBaseOperation.swift; sourceTree = "<group>"; };
		96BF7C662194721B001F4C25 /* ImageFetcherRenderOperation.swift */ = {isa = PBXFileReference; fileEncoding = 4; lastKnownFileType = sourcecode.swift; path = ImageFetcherRenderOperation.swift; sourceTree = "<group>"; };
		96BF7C7021999659001F4C25 /* TechPulsePlayground.playground */ = {isa = PBXFileReference; lastKnownFileType = file.playground; path = TechPulsePlayground.playground; sourceTree = "<group>"; xcLanguageSpecificationIdentifier = xcode.lang.swift; };
		FC2DF8B420000B8B0078CE30 /* LayoutModels.app */ = {isa = PBXFileReference; explicitFileType = wrapper.application; includeInIndex = 0; path = LayoutModels.app; sourceTree = BUILT_PRODUCTS_DIR; };
		FC2DF8BE20000B8B0078CE30 /* Assets.xcassets */ = {isa = PBXFileReference; lastKnownFileType = folder.assetcatalog; path = Assets.xcassets; sourceTree = "<group>"; };
		FC2DF8C120000B8B0078CE30 /* Base */ = {isa = PBXFileReference; lastKnownFileType = file.storyboard; name = Base; path = Base.lproj/LaunchScreen.storyboard; sourceTree = "<group>"; };
		FC2DF8C320000B8B0078CE30 /* Info.plist */ = {isa = PBXFileReference; lastKnownFileType = text.plist.xml; path = Info.plist; sourceTree = "<group>"; };
		FC2DF8C920000BF90078CE30 /* AppDelegate.swift */ = {isa = PBXFileReference; lastKnownFileType = sourcecode.swift; path = AppDelegate.swift; sourceTree = "<group>"; };
		FC2DF8CC20000BFC0078CE30 /* StringMeasuring.swift */ = {isa = PBXFileReference; lastKnownFileType = sourcecode.swift; path = StringMeasuring.swift; sourceTree = "<group>"; };
		FC2DF8D720000BFE0078CE30 /* Images.xcassets */ = {isa = PBXFileReference; lastKnownFileType = folder.assetcatalog; path = Images.xcassets; sourceTree = "<group>"; };
		FC2DF8D920000C020078CE30 /* Arbitrary.swift */ = {isa = PBXFileReference; lastKnownFileType = sourcecode.swift; path = Arbitrary.swift; sourceTree = "<group>"; };
		FC80BB582050B39E009B1D30 /* PostViewWithAutoLayout.swift */ = {isa = PBXFileReference; lastKnownFileType = sourcecode.swift; path = PostViewWithAutoLayout.swift; sourceTree = "<group>"; };
		FC9D8CA921BABAFA00ECE123 /* PostLayoutModel.swift */ = {isa = PBXFileReference; lastKnownFileType = sourcecode.swift; path = PostLayoutModel.swift; sourceTree = "<group>"; };
		FC9D8CAB21BABB3A00ECE123 /* PostViewModel.swift */ = {isa = PBXFileReference; lastKnownFileType = sourcecode.swift; path = PostViewModel.swift; sourceTree = "<group>"; };
		FC9D8CAF21BABDA800ECE123 /* PostViewWithLayoutModel.swift */ = {isa = PBXFileReference; lastKnownFileType = sourcecode.swift; path = PostViewWithLayoutModel.swift; sourceTree = "<group>"; };
		FCF700D921BAE07F00E802C5 /* README.md */ = {isa = PBXFileReference; lastKnownFileType = net.daringfireball.markdown; name = README.md; path = ../README.md; sourceTree = "<group>"; };
/* End PBXFileReference section */

/* Begin PBXFrameworksBuildPhase section */
		FC2DF8B120000B8B0078CE30 /* Frameworks */ = {
			isa = PBXFrameworksBuildPhase;
			buildActionMask = 2147483647;
			files = (
			);
			runOnlyForDeploymentPostprocessing = 0;
		};
/* End PBXFrameworksBuildPhase section */

/* Begin PBXGroup section */
		96A68F1B20D5543400BF4236 /* Helpers */ = {
			isa = PBXGroup;
			children = (
				FC2DF8CC20000BFC0078CE30 /* StringMeasuring.swift */,
				968804B520DE31EF00135695 /* Logger.swift */,
				FC2DF8D920000C020078CE30 /* Arbitrary.swift */,
				96926CF921B9451F0092EDF0 /* PopoverViewController.swift */,
			);
			path = Helpers;
			sourceTree = "<group>";
		};
		96BF7C5E219471FF001F4C25 /* Image Fetcher */ = {
			isa = PBXGroup;
			children = (
				96BF7C652194721B001F4C25 /* ImageFetcherBaseOperation.swift */,
				96BF7C642194721A001F4C25 /* ImageFetcherController.swift */,
				96BF7C602194721A001F4C25 /* ImageFetcherDownloadOperation.swift */,
				96BF7C5F2194721A001F4C25 /* ImageFetcherMetrics.swift */,
				96BF7C662194721B001F4C25 /* ImageFetcherRenderOperation.swift */,
				96BF7C612194721A001F4C25 /* ImageFetcherRequest.swift */,
				96BF7C632194721A001F4C25 /* ImageFetcherResizing.swift */,
				96BF7C622194721A001F4C25 /* UIImageView+ImageFetcherController.swift */,
			);
			path = "Image Fetcher";
			sourceTree = "<group>";
		};
		96BF7C6F21999613001F4C25 /* Playground */ = {
			isa = PBXGroup;
			children = (
				96BF7C7021999659001F4C25 /* TechPulsePlayground.playground */,
			);
			path = Playground;
			sourceTree = "<group>";
		};
		FC2DF8AB20000B8B0078CE30 = {
			isa = PBXGroup;
			children = (
				FC2DF8B620000B8B0078CE30 /* Layout Models */,
				96BF7C6F21999613001F4C25 /* Playground */,
				FC2DF8B520000B8B0078CE30 /* Products */,
			);
			sourceTree = "<group>";
		};
		FC2DF8B520000B8B0078CE30 /* Products */ = {
			isa = PBXGroup;
			children = (
				FC2DF8B420000B8B0078CE30 /* LayoutModels.app */,
			);
			name = Products;
			sourceTree = "<group>";
		};
		FC2DF8B620000B8B0078CE30 /* Layout Models */ = {
			isa = PBXGroup;
			children = (
				FC9D8CAE21BABD7D00ECE123 /* Post Views and Cells */,
				FC80BB572050B36A009B1D30 /* Posts Table View */,
				FC9D8CA821BABA7400ECE123 /* Data, View, and Layout Models */,
				96A68F1B20D5543400BF4236 /* Helpers */,
				96BF7C5E219471FF001F4C25 /* Image Fetcher */,
				FC9D8CAD21BABBDA00ECE123 /* Application */,
				FCF700D921BAE07F00E802C5 /* README.md */,
			);
			path = "Layout Models";
			sourceTree = "<group>";
		};
		FC80BB572050B36A009B1D30 /* Posts Table View */ = {
			isa = PBXGroup;
			children = (
				968804B720DE353B00135695 /* PostsTableViewController.swift */,
			);
			path = "Posts Table View";
			sourceTree = "<group>";
		};
		FC9D8CA821BABA7400ECE123 /* Data, View, and Layout Models */ = {
			isa = PBXGroup;
			children = (
				9649522B219069C5001CAB79 /* PostDataModel.swift */,
				FC9D8CA921BABAFA00ECE123 /* PostLayoutModel.swift */,
				FC9D8CAB21BABB3A00ECE123 /* PostViewModel.swift */,
			);
			name = "Data, View, and Layout Models";
			sourceTree = "<group>";
		};
		FC9D8CAD21BABBDA00ECE123 /* Application */ = {
			isa = PBXGroup;
			children = (
				FC2DF8D720000BFE0078CE30 /* Images.xcassets */,
				FC2DF8BE20000B8B0078CE30 /* Assets.xcassets */,
				FC2DF8C020000B8B0078CE30 /* LaunchScreen.storyboard */,
				FC2DF8C320000B8B0078CE30 /* Info.plist */,
				FC2DF8C920000BF90078CE30 /* AppDelegate.swift */,
			);
			name = Application;
			sourceTree = "<group>";
		};
		FC9D8CAE21BABD7D00ECE123 /* Post Views and Cells */ = {
			isa = PBXGroup;
			children = (
				FC80BB582050B39E009B1D30 /* PostViewWithAutoLayout.swift */,
				FC9D8CAF21BABDA800ECE123 /* PostViewWithLayoutModel.swift */,
			);
			name = "Post Views and Cells";
			sourceTree = "<group>";
		};
/* End PBXGroup section */

/* Begin PBXNativeTarget section */
		FC2DF8B320000B8B0078CE30 /* LayoutModels */ = {
			isa = PBXNativeTarget;
			buildConfigurationList = FC2DF8C620000B8B0078CE30 /* Build configuration list for PBXNativeTarget "LayoutModels" */;
			buildPhases = (
				FC2DF8B020000B8B0078CE30 /* Sources */,
				FC2DF8B120000B8B0078CE30 /* Frameworks */,
				FC2DF8B220000B8B0078CE30 /* Resources */,
			);
			buildRules = (
			);
			dependencies = (
			);
			name = LayoutModels;
			productName = Feed;
			productReference = FC2DF8B420000B8B0078CE30 /* LayoutModels.app */;
			productType = "com.apple.product-type.application";
		};
/* End PBXNativeTarget section */

/* Begin PBXProject section */
		FC2DF8AC20000B8B0078CE30 /* Project object */ = {
			isa = PBXProject;
			attributes = {
				LastSwiftUpdateCheck = 0920;
				LastUpgradeCheck = 1000;
				ORGANIZATIONNAME = Howlin;
				TargetAttributes = {
					FC2DF8B320000B8B0078CE30 = {
						CreatedOnToolsVersion = 9.2;
						LastSwiftMigration = 1000;
						ProvisioningStyle = Automatic;
					};
				};
			};
			buildConfigurationList = FC2DF8AF20000B8B0078CE30 /* Build configuration list for PBXProject "LayoutModels" */;
			compatibilityVersion = "Xcode 8.0";
			developmentRegion = en;
			hasScannedForEncodings = 0;
			knownRegions = (
				en,
				Base,
			);
			mainGroup = FC2DF8AB20000B8B0078CE30;
			productRefGroup = FC2DF8B520000B8B0078CE30 /* Products */;
			projectDirPath = "";
			projectRoot = "";
			targets = (
				FC2DF8B320000B8B0078CE30 /* LayoutModels */,
			);
		};
/* End PBXProject section */

/* Begin PBXResourcesBuildPhase section */
		FC2DF8B220000B8B0078CE30 /* Resources */ = {
			isa = PBXResourcesBuildPhase;
			buildActionMask = 2147483647;
			files = (
				FC2DF8EB20000D370078CE30 /* Images.xcassets in Resources */,
				FC2DF8C220000B8B0078CE30 /* LaunchScreen.storyboard in Resources */,
				FC2DF8BF20000B8B0078CE30 /* Assets.xcassets in Resources */,
			);
			runOnlyForDeploymentPostprocessing = 0;
		};
/* End PBXResourcesBuildPhase section */

/* Begin PBXSourcesBuildPhase section */
		FC2DF8B020000B8B0078CE30 /* Sources */ = {
			isa = PBXSourcesBuildPhase;
			buildActionMask = 2147483647;
			files = (
				96926CFA21B9451F0092EDF0 /* PopoverViewController.swift in Sources */,
				968804B620DE31EF00135695 /* Logger.swift in Sources */,
				9649522C219069C5001CAB79 /* PostDataModel.swift in Sources */,
				96BF7C6D2194721B001F4C25 /* ImageFetcherBaseOperation.swift in Sources */,
				968804B820DE353B00135695 /* PostsTableViewController.swift in Sources */,
				96BF7C6A2194721B001F4C25 /* UIImageView+ImageFetcherController.swift in Sources */,
				FC9D8CAC21BABB3A00ECE123 /* PostViewModel.swift in Sources */,
				FC2DF8E020000C4A0078CE30 /* StringMeasuring.swift in Sources */,
				FC80BB592050B39E009B1D30 /* PostViewWithAutoLayout.swift in Sources */,
				96BF7C682194721B001F4C25 /* ImageFetcherDownloadOperation.swift in Sources */,
				FC2DF8DD20000C020078CE30 /* Arbitrary.swift in Sources */,
				96BF7C6C2194721B001F4C25 /* ImageFetcherController.swift in Sources */,
				96BF7C6B2194721B001F4C25 /* ImageFetcherResizing.swift in Sources */,
				FC9D8CB021BABDA800ECE123 /* PostViewWithLayoutModel.swift in Sources */,
				FC2DF8DA20000C020078CE30 /* AppDelegate.swift in Sources */,
				96BF7C672194721B001F4C25 /* ImageFetcherMetrics.swift in Sources */,
				FC9D8CAA21BABAFA00ECE123 /* PostLayoutModel.swift in Sources */,
				96BF7C6E2194721B001F4C25 /* ImageFetcherRenderOperation.swift in Sources */,
				96BF7C692194721B001F4C25 /* ImageFetcherRequest.swift in Sources */,
			);
			runOnlyForDeploymentPostprocessing = 0;
		};
/* End PBXSourcesBuildPhase section */

/* Begin PBXVariantGroup section */
		FC2DF8C020000B8B0078CE30 /* LaunchScreen.storyboard */ = {
			isa = PBXVariantGroup;
			children = (
				FC2DF8C120000B8B0078CE30 /* Base */,
			);
			name = LaunchScreen.storyboard;
			sourceTree = "<group>";
		};
/* End PBXVariantGroup section */

/* Begin XCBuildConfiguration section */
		FC2DF8C420000B8B0078CE30 /* Debug */ = {
			isa = XCBuildConfiguration;
			buildSettings = {
				ALWAYS_SEARCH_USER_PATHS = NO;
				CLANG_ANALYZER_NONNULL = YES;
				CLANG_ANALYZER_NUMBER_OBJECT_CONVERSION = YES_AGGRESSIVE;
				CLANG_CXX_LANGUAGE_STANDARD = "gnu++14";
				CLANG_CXX_LIBRARY = "libc++";
				CLANG_ENABLE_MODULES = YES;
				CLANG_ENABLE_OBJC_ARC = YES;
				CLANG_WARN_BLOCK_CAPTURE_AUTORELEASING = YES;
				CLANG_WARN_BOOL_CONVERSION = YES;
				CLANG_WARN_COMMA = YES;
				CLANG_WARN_CONSTANT_CONVERSION = YES;
				CLANG_WARN_DEPRECATED_OBJC_IMPLEMENTATIONS = YES;
				CLANG_WARN_DIRECT_OBJC_ISA_USAGE = YES_ERROR;
				CLANG_WARN_DOCUMENTATION_COMMENTS = YES;
				CLANG_WARN_EMPTY_BODY = YES;
				CLANG_WARN_ENUM_CONVERSION = YES;
				CLANG_WARN_INFINITE_RECURSION = YES;
				CLANG_WARN_INT_CONVERSION = YES;
				CLANG_WARN_NON_LITERAL_NULL_CONVERSION = YES;
				CLANG_WARN_OBJC_IMPLICIT_RETAIN_SELF = YES;
				CLANG_WARN_OBJC_LITERAL_CONVERSION = YES;
				CLANG_WARN_OBJC_ROOT_CLASS = YES_ERROR;
				CLANG_WARN_RANGE_LOOP_ANALYSIS = YES;
				CLANG_WARN_STRICT_PROTOTYPES = YES;
				CLANG_WARN_SUSPICIOUS_MOVE = YES;
				CLANG_WARN_UNGUARDED_AVAILABILITY = YES_AGGRESSIVE;
				CLANG_WARN_UNREACHABLE_CODE = YES;
				CLANG_WARN__DUPLICATE_METHOD_MATCH = YES;
				CODE_SIGN_IDENTITY = "iPhone Developer";
				COPY_PHASE_STRIP = NO;
				DEBUG_INFORMATION_FORMAT = dwarf;
				ENABLE_STRICT_OBJC_MSGSEND = YES;
				ENABLE_TESTABILITY = YES;
				GCC_C_LANGUAGE_STANDARD = gnu11;
				GCC_DYNAMIC_NO_PIC = NO;
				GCC_NO_COMMON_BLOCKS = YES;
				GCC_OPTIMIZATION_LEVEL = 0;
				GCC_PREPROCESSOR_DEFINITIONS = (
					"DEBUG=1",
					"$(inherited)",
				);
				GCC_WARN_64_TO_32_BIT_CONVERSION = YES;
				GCC_WARN_ABOUT_RETURN_TYPE = YES_ERROR;
				GCC_WARN_UNDECLARED_SELECTOR = YES;
				GCC_WARN_UNINITIALIZED_AUTOS = YES_AGGRESSIVE;
				GCC_WARN_UNUSED_FUNCTION = YES;
				GCC_WARN_UNUSED_VARIABLE = YES;
				IPHONEOS_DEPLOYMENT_TARGET = 11.2;
				MTL_ENABLE_DEBUG_INFO = YES;
				ONLY_ACTIVE_ARCH = YES;
				SDKROOT = iphoneos;
				SWIFT_ACTIVE_COMPILATION_CONDITIONS = DEBUG;
				SWIFT_OPTIMIZATION_LEVEL = "-Onone";
			};
			name = Debug;
		};
		FC2DF8C520000B8B0078CE30 /* Release */ = {
			isa = XCBuildConfiguration;
			buildSettings = {
				ALWAYS_SEARCH_USER_PATHS = NO;
				CLANG_ANALYZER_NONNULL = YES;
				CLANG_ANALYZER_NUMBER_OBJECT_CONVERSION = YES_AGGRESSIVE;
				CLANG_CXX_LANGUAGE_STANDARD = "gnu++14";
				CLANG_CXX_LIBRARY = "libc++";
				CLANG_ENABLE_MODULES = YES;
				CLANG_ENABLE_OBJC_ARC = YES;
				CLANG_WARN_BLOCK_CAPTURE_AUTORELEASING = YES;
				CLANG_WARN_BOOL_CONVERSION = YES;
				CLANG_WARN_COMMA = YES;
				CLANG_WARN_CONSTANT_CONVERSION = YES;
				CLANG_WARN_DEPRECATED_OBJC_IMPLEMENTATIONS = YES;
				CLANG_WARN_DIRECT_OBJC_ISA_USAGE = YES_ERROR;
				CLANG_WARN_DOCUMENTATION_COMMENTS = YES;
				CLANG_WARN_EMPTY_BODY = YES;
				CLANG_WARN_ENUM_CONVERSION = YES;
				CLANG_WARN_INFINITE_RECURSION = YES;
				CLANG_WARN_INT_CONVERSION = YES;
				CLANG_WARN_NON_LITERAL_NULL_CONVERSION = YES;
				CLANG_WARN_OBJC_IMPLICIT_RETAIN_SELF = YES;
				CLANG_WARN_OBJC_LITERAL_CONVERSION = YES;
				CLANG_WARN_OBJC_ROOT_CLASS = YES_ERROR;
				CLANG_WARN_RANGE_LOOP_ANALYSIS = YES;
				CLANG_WARN_STRICT_PROTOTYPES = YES;
				CLANG_WARN_SUSPICIOUS_MOVE = YES;
				CLANG_WARN_UNGUARDED_AVAILABILITY = YES_AGGRESSIVE;
				CLANG_WARN_UNREACHABLE_CODE = YES;
				CLANG_WARN__DUPLICATE_METHOD_MATCH = YES;
				CODE_SIGN_IDENTITY = "iPhone Developer";
				COPY_PHASE_STRIP = NO;
				DEBUG_INFORMATION_FORMAT = "dwarf-with-dsym";
				ENABLE_NS_ASSERTIONS = NO;
				ENABLE_STRICT_OBJC_MSGSEND = YES;
				GCC_C_LANGUAGE_STANDARD = gnu11;
				GCC_NO_COMMON_BLOCKS = YES;
				GCC_WARN_64_TO_32_BIT_CONVERSION = YES;
				GCC_WARN_ABOUT_RETURN_TYPE = YES_ERROR;
				GCC_WARN_UNDECLARED_SELECTOR = YES;
				GCC_WARN_UNINITIALIZED_AUTOS = YES_AGGRESSIVE;
				GCC_WARN_UNUSED_FUNCTION = YES;
				GCC_WARN_UNUSED_VARIABLE = YES;
				IPHONEOS_DEPLOYMENT_TARGET = 11.2;
				MTL_ENABLE_DEBUG_INFO = NO;
				SDKROOT = iphoneos;
				SWIFT_OPTIMIZATION_LEVEL = "-Owholemodule";
				VALIDATE_PRODUCT = YES;
			};
			name = Release;
		};
		FC2DF8C720000B8B0078CE30 /* Debug */ = {
			isa = XCBuildConfiguration;
			buildSettings = {
				ASSETCATALOG_COMPILER_APPICON_NAME = AppIcon;
				CODE_SIGN_STYLE = Automatic;
				DEFINES_MODULE = NO;
				DEVELOPMENT_TEAM = 7PB5426XF4;
				INFOPLIST_FILE = "$(SRCROOT)/Layout Models/Info.plist";
				IPHONEOS_DEPLOYMENT_TARGET = 10.0;
				LD_RUNPATH_SEARCH_PATHS = "$(inherited) @executable_path/Frameworks";
				PRODUCT_BUNDLE_IDENTIFIER = com.howlin.LayoutModels;
				PRODUCT_NAME = "$(TARGET_NAME)";
				SWIFT_VERSION = 4.2;
				TARGETED_DEVICE_FAMILY = "1,2";
			};
			name = Debug;
		};
		FC2DF8C820000B8B0078CE30 /* Release */ = {
			isa = XCBuildConfiguration;
			buildSettings = {
				ASSETCATALOG_COMPILER_APPICON_NAME = AppIcon;
				CODE_SIGN_STYLE = Automatic;
				DEFINES_MODULE = NO;
				DEVELOPMENT_TEAM = 7PB5426XF4;
				INFOPLIST_FILE = "$(SRCROOT)/Layout Models/Info.plist";
				IPHONEOS_DEPLOYMENT_TARGET = 10.0;
				LD_RUNPATH_SEARCH_PATHS = "$(inherited) @executable_path/Frameworks";
				PRODUCT_BUNDLE_IDENTIFIER = com.howlin.LayoutModels;
				PRODUCT_NAME = "$(TARGET_NAME)";
				SWIFT_VERSION = 4.2;
				TARGETED_DEVICE_FAMILY = "1,2";
			};
			name = Release;
		};
/* End XCBuildConfiguration section */

/* Begin XCConfigurationList section */
		FC2DF8AF20000B8B0078CE30 /* Build configuration list for PBXProject "LayoutModels" */ = {
			isa = XCConfigurationList;
			buildConfigurations = (
				FC2DF8C420000B8B0078CE30 /* Debug */,
				FC2DF8C520000B8B0078CE30 /* Release */,
			);
			defaultConfigurationIsVisible = 0;
			defaultConfigurationName = Release;
		};
		FC2DF8C620000B8B0078CE30 /* Build configuration list for PBXNativeTarget "LayoutModels" */ = {
			isa = XCConfigurationList;
			buildConfigurations = (
				FC2DF8C720000B8B0078CE30 /* Debug */,
				FC2DF8C820000B8B0078CE30 /* Release */,
			);
			defaultConfigurationIsVisible = 0;
			defaultConfigurationName = Release;
		};
/* End XCConfigurationList section */
	};
	rootObject = FC2DF8AC20000B8B0078CE30 /* Project object */;
}
